Microsoft Visual Studio Solution File, Format Version 12.00
# Visual Studio Version 17
VisualStudioVersion = 17.5.2.0
MinimumVisualStudioVersion = 10.0.40219.1
Project("{FAE04EC0-301F-11D3-BF4B-00C04F79EFBC}") = "MyLib", "MyLib\MyLib.csproj", "{211C05CE-A064-0318-3D93-E69D7565E10B}"
EndProject
Project("{FAE04EC0-301F-11D3-BF4B-00C04F79EFBC}") = "MyLibTest", "MyLibTest\MyLibTest.csproj", "{62539192-CB07-D567-E7DB-8CF68FA8C419}"
EndProject
Global
	GlobalSection(SolutionConfigurationPlatforms) = preSolution
		Debug|Any CPU = Debug|Any CPU
		Release|Any CPU = Release|Any CPU
	EndGlobalSection
	GlobalSection(ProjectConfigurationPlatforms) = postSolution
		{211C05CE-A064-0318-3D93-E69D7565E10B}.Debug|Any CPU.ActiveCfg = Debug|Any CPU
		{211C05CE-A064-0318-3D93-E69D7565E10B}.Debug|Any CPU.Build.0 = Debug|Any CPU
		{211C05CE-A064-0318-3D93-E69D7565E10B}.Release|Any CPU.ActiveCfg = Release|Any CPU
		{211C05CE-A064-0318-3D93-E69D7565E10B}.Release|Any CPU.Build.0 = Release|Any CPU
		{62539192-CB07-D567-E7DB-8CF68FA8C419}.Debug|Any CPU.ActiveCfg = Debug|Any CPU
		{62539192-CB07-D567-E7DB-8CF68FA8C419}.Debug|Any CPU.Build.0 = Debug|Any CPU
		{62539192-CB07-D567-E7DB-8CF68FA8C419}.Release|Any CPU.ActiveCfg = Release|Any CPU
		{62539192-CB07-D567-E7DB-8CF68FA8C419}.Release|Any CPU.Build.0 = Release|Any CPU
	EndGlobalSection
	GlobalSection(SolutionProperties) = preSolution
		HideSolutionNode = FALSE
	EndGlobalSection
	GlobalSection(ExtensibilityGlobals) = postSolution
		SolutionGuid = {BD44D5D5-6A08-4877-97D0-D5B843E91A0D}
	EndGlobalSection
EndGlobal
